
Microsoft Visual Studio Solution File, Format Version 12.00
# Visual Studio 15
Project("{FAE04EC0-301F-11D3-BF4B-00C04F79EFBC}") = "commercial_Controller", "commercial_Controller\commercial_Controller.csproj", "{1F4B2513-5F72-47B2-A3B2-B1D28AAA16F1}"
EndProject
Global
	GlobalSection(SolutionConfigurationPlatforms) = preSolution
		Debug|Any CPU = Debug|Any CPU
		Release|Any CPU = Release|Any CPU
	EndGlobalSection
	GlobalSection(ProjectConfigurationPlatforms) = postSolution
		{1F4B2513-5F72-47B2-A3B2-B1D28AAA16F1}.Debug|Any CPU.ActiveCfg = Debug|Any CPU
		{1F4B2513-5F72-47B2-A3B2-B1D28AAA16F1}.Debug|Any CPU.Build.0 = Debug|Any CPU
		{1F4B2513-5F72-47B2-A3B2-B1D28AAA16F1}.Release|Any CPU.ActiveCfg = Release|Any CPU
		{1F4B2513-5F72-47B2-A3B2-B1D28AAA16F1}.Release|Any CPU.Build.0 = Release|Any CPU
	EndGlobalSection
EndGlobal
